{
  "name": "skill-release-gate",
  "version": "0.1.0",
  "lockfileVersion": 3,
  "requires": true,
  "packages": {
    "": {
      "name": "skill-release-gate",
      "version": "0.1.0",
      "license": "MIT",
      "bin": {
        "skill-release-gate": "bin/skill-release-gate.js"
      },
      "engines": {
        "node": ">=20"
      }
    }
  }
}
